Microsoft Visual Studio Solution File, Format Version 12.00
# Visual Studio 15
VisualStudioVersion = 15.0.27130.2010
MinimumVisualStudioVersion = 10.0.40219.1
Project("{FAE04EC0-301F-11D3-BF4B-00C04F79EFBC}") = "Addresses.StateCities.ApiController", "Addresses.StateCities.ApiController\Addresses.StateCities.ApiController.csproj", "{A8894A88-A889-4A88-A889-4A88A8894A88}"
EndProject
Global
	GlobalSection(SolutionConfigurationPlatforms) = preSolution
		Debug|Any CPU = Debug|Any CPU
		Release|Any CPU = Release|Any CPU
	EndGlobalSection
	GlobalSection(ProjectConfigurationPlatforms) = postSolution
		{A8894A88-A889-4A88-A889-4A88A8894A88}.Debug|Any CPU.ActiveCfg = Debug|Any CPU
		{A8894A88-A889-4A88-A889-4A88A8894A88}.Debug|Any CPU.Build.0 = Debug|Any CPU
		{A8894A88-A889-4A88-A889-4A88A8894A88}.Release|Any CPU.ActiveCfg = Release|Any CPU
		{A8894A88-A889-4A88-A889-4A88A8894A88}.Release|Any CPU.Build.0 = Release|Any CPU
	EndGlobalSection
	GlobalSection(SolutionProperties) = preSolution
		HideSolutionNode = FALSE
	EndGlobalSection
	GlobalSection(ExtensibilityGlobals) = preSolution
		SolutionGuid = {140BC1D6-140B-C1D6-140B-C1D6140BC1D6}
	EndGlobalSection
EndGlobal

